
Microsoft Visual Studio Solution File, Format Version 12.00
# Visual Studio Version 16
VisualStudioVersion = 16.0.30104.148
MinimumVisualStudioVersion = 10.0.40219.1
Project("{FAE04EC0-301F-11D3-BF4B-00C04F79EFBC}") = "WebApplication", "WebApplication\WebApplication.csproj", "{309D4C4A-A9C9-4F2B-A60D-4FEC01E37256}"
EndProject
Global
	GlobalSection(SolutionConfigurationPlatforms) = preSolution
		Debug|Any CPU = Debug|Any CPU
		Release|Any CPU = Release|Any CPU
	EndGlobalSection
	GlobalSection(ProjectConfigurationPlatforms) = postSolution
		{309D4C4A-A9C9-4F2B-A60D-4FEC01E37256}.Debug|Any CPU.ActiveCfg = Debug|Any CPU
		{309D4C4A-A9C9-4F2B-A60D-4FEC01E37256}.Debug|Any CPU.Build.0 = Debug|Any CPU
		{309D4C4A-A9C9-4F2B-A60D-4FEC01E37256}.Release|Any CPU.ActiveCfg = Release|Any CPU
		{309D4C4A-A9C9-4F2B-A60D-4FEC01E37256}.Release|Any CPU.Build.0 = Release|Any CPU
	EndGlobalSection
	GlobalSection(SolutionProperties) = preSolution
		HideSolutionNode = FALSE
	EndGlobalSection
	GlobalSection(ExtensibilityGlobals) = postSolution
		SolutionGuid = {09FA748F-1F0C-4AFF-A009-2D17840C78C2}
	EndGlobalSection
EndGlobal
